
Microsoft Visual Studio Solution File, Format Version 12.00
# Visual Studio Version 16
VisualStudioVersion = 16.0.29905.134
MinimumVisualStudioVersion = 10.0.40219.1
Project("{9A19103F-16F7-4668-BE54-9A1E7A4F7556}") = "aspnetcore-serilog", "aspnetcore-serilog\aspnetcore-serilog.csproj", "{063511E1-65D1-4ED7-9102-C177B50F41A6}"
EndProject
Global
	GlobalSection(SolutionConfigurationPlatforms) = preSolution
		Debug|Any CPU = Debug|Any CPU
		Release|Any CPU = Release|Any CPU
	EndGlobalSection
	GlobalSection(ProjectConfigurationPlatforms) = postSolution
		{063511E1-65D1-4ED7-9102-C177B50F41A6}.Debug|Any CPU.ActiveCfg = Debug|Any CPU
		{063511E1-65D1-4ED7-9102-C177B50F41A6}.Debug|Any CPU.Build.0 = Debug|Any CPU
		{063511E1-65D1-4ED7-9102-C177B50F41A6}.Release|Any CPU.ActiveCfg = Release|Any CPU
		{063511E1-65D1-4ED7-9102-C177B50F41A6}.Release|Any CPU.Build.0 = Release|Any CPU
	EndGlobalSection
	GlobalSection(SolutionProperties) = preSolution
		HideSolutionNode = FALSE
	EndGlobalSection
	GlobalSection(ExtensibilityGlobals) = postSolution
		SolutionGuid = {79F066E2-8CA9-4469-ABEF-B2FD2B0A7779}
	EndGlobalSection
EndGlobal
